
Microsoft Visual Studio Solution File, Format Version 12.00
# Visual Studio Version 16
VisualStudioVersion = 16.0.32428.217
MinimumVisualStudioVersion = 10.0.40219.1
Project("{FAE04EC0-301F-11D3-BF4B-00C04F79EFBC}") = "MyToDo.UWP", "MyToDo\MyToDo.UWP\MyToDo.UWP.csproj", "{B2CF684F-DA37-46F2-8127-6A0059439CE8}"
EndProject
Project("{FAE04EC0-301F-11D3-BF4B-00C04F79EFBC}") = "MyToDo.Android", "MyToDo\MyToDo.Android\MyToDo.Android.csproj", "{9113B6B1-813A-4A86-88BF-FD1638DCBF35}"
EndProject
Project("{FAE04EC0-301F-11D3-BF4B-00C04F79EFBC}") = "MyToDo.iOS", "MyToDo\MyToDo.iOS\MyToDo.iOS.csproj", "{E90EBF3B-64E0-49B2-9443-356968E6705B}"
EndProject
Project("{FAE04EC0-301F-11D3-BF4B-00C04F79EFBC}") = "MyToDo", "MyToDo\MyToDo\MyToDo.csproj", "{C3160774-94E1-427C-8B38-5C07C05364F7}"
EndProject
Global
	GlobalSection(SolutionConfigurationPlatforms) = preSolution
		Debug|Any CPU = Debug|Any CPU
		Debug|ARM = Debug|ARM
		Debug|iPhone = Debug|iPhone
		Debug|iPhoneSimulator = Debug|iPhoneSimulator
		Debug|x64 = Debug|x64
		Debug|x86 = Debug|x86
		Release|Any CPU = Release|Any CPU
		Release|ARM = Release|ARM
		Release|iPhone = Release|iPhone
		Release|iPhoneSimulator = Release|iPhoneSimulator
		Release|x64 = Release|x64
		Release|x86 = Release|x86
	EndGlobalSection
	GlobalSection(ProjectConfigurationPlatforms) = postSolution
		{B2CF684F-DA37-46F2-8127-6A0059439CE8}.Debug|Any CPU.ActiveCfg = Debug|x86
		{B2CF684F-DA37-46F2-8127-6A0059439CE8}.Debug|Any CPU.Build.0 = Debug|x86
		{B2CF684F-DA37-46F2-8127-6A0059439CE8}.Debug|Any CPU.Deploy.0 = Debug|x86
		{B2CF684F-DA37-46F2-8127-6A0059439CE8}.Debug|ARM.ActiveCfg = Debug|ARM
		{B2CF684F-DA37-46F2-8127-6A0059439CE8}.Debug|ARM.Build.0 = Debug|ARM
		{B2CF684F-DA37-46F2-8127-6A0059439CE8}.Debug|ARM.Deploy.0 = Debug|ARM
		{B2CF684F-DA37-46F2-8127-6A0059439CE8}.Debug|iPhone.ActiveCfg = Debug|x86
		{B2CF684F-DA37-46F2-8127-6A0059439CE8}.Debug|iPhone.Build.0 = Debug|x86
		{B2CF684F-DA37-46F2-8127-6A0059439CE8}.Debug|iPhone.Deploy.0 = Debug|x86
		{B2CF684F-DA37-46F2-8127-6A0059439CE8}.Debug|iPhoneSimulator.ActiveCfg = Debug|x86
		{B2CF684F-DA37-46F2-8127-6A0059439CE8}.Debug|iPhoneSimulator.Build.0 = Debug|x86
		{B2CF684F-DA37-46F2-8127-6A0059439CE8}.Debug|iPhoneSimulator.Deploy.0 = Debug|x86
		{B2CF684F-DA37-46F2-8127-6A0059439CE8}.Debug|x64.ActiveCfg = Debug|x64
		{B2CF684F-DA37-46F2-8127-6A0059439CE8}.Debug|x64.Build.0 = Debug|x64
		{B2CF684F-DA37-46F2-8127-6A0059439CE8}.Debug|x64.Deploy.0 = Debug|x64
		{B2CF684F-DA37-46F2-8127-6A0059439CE8}.Debug|x86.ActiveCfg = Debug|x86
		{B2CF684F-DA37-46F2-8127-6A0059439CE8}.Debug|x86.Build.0 = Debug|x86
		{B2CF684F-DA37-46F2-8127-6A0059439CE8}.Debug|x86.Deploy.0 = Debug|x86
		{B2CF684F-DA37-46F2-8127-6A0059439CE8}.Release|Any CPU.ActiveCfg = Release|x86
		{B2CF684F-DA37-46F2-8127-6A0059439CE8}.Release|Any CPU.Build.0 = Release|x86
		{B2CF684F-DA37-46F2-8127-6A0059439CE8}.Release|Any CPU.Deploy.0 = Release|x86
		{B2CF684F-DA37-46F2-8127-6A0059439CE8}.Release|ARM.ActiveCfg = Release|ARM
		{B2CF684F-DA37-46F2-8127-6A0059439CE8}.Release|ARM.Build.0 = Release|ARM
		{B2CF684F-DA37-46F2-8127-6A0059439CE8}.Release|ARM.Deploy.0 = Release|ARM
		{B2CF684F-DA37-46F2-8127-6A0059439CE8}.Release|iPhone.ActiveCfg = Release|x86
		{B2CF684F-DA37-46F2-8127-6A0059439CE8}.Release|iPhone.Build.0 = Release|x86
		{B2CF684F-DA37-46F2-8127-6A0059439CE8}.Release|iPhone.Deploy.0 = Release|x86
		{B2CF684F-DA37-46F2-8127-6A0059439CE8}.Release|iPhoneSimulator.ActiveCfg = Release|x86
		{B2CF684F-DA37-46F2-8127-6A0059439CE8}.Release|iPhoneSimulator.Build.0 = Release|x86
		{B2CF684F-DA37-46F2-8127-6A0059439CE8}.Release|iPhoneSimulator.Deploy.0 = Release|x86
		{B2CF684F-DA37-46F2-8127-6A0059439CE8}.Release|x64.ActiveCfg = Release|x64
		{B2CF684F-DA37-46F2-8127-6A0059439CE8}.Release|x64.Build.0 = Release|x64
		{B2CF684F-DA37-46F2-8127-6A0059439CE8}.Release|x64.Deploy.0 = Release|x64
		{B2CF684F-DA37-46F2-8127-6A0059439CE8}.Release|x86.ActiveCfg = Release|x86
		{B2CF684F-DA37-46F2-8127-6A0059439CE8}.Release|x86.Build.0 = Release|x86
		{B2CF684F-DA37-46F2-8127-6A0059439CE8}.Release|x86.Deploy.0 = Release|x86
		{9113B6B1-813A-4A86-88BF-FD1638DCBF35}.Debug|Any CPU.ActiveCfg = Debug|Any CPU
		{9113B6B1-813A-4A86-88BF-FD1638DCBF35}.Debug|Any CPU.Build.0 = Debug|Any CPU
		{9113B6B1-813A-4A86-88BF-FD1638DCBF35}.Debug|Any CPU.Deploy.0 = Debug|Any CPU
		{9113B6B1-813A-4A86-88BF-FD1638DCBF35}.Debug|ARM.ActiveCfg = Debug|Any CPU
		{9113B6B1-813A-4A86-88BF-FD1638DCBF35}.Debug|ARM.Build.0 = Debug|Any CPU
		{9113B6B1-813A-4A86-88BF-FD1638DCBF35}.Debug|ARM.Deploy.0 = Debug|Any CPU
		{9113B6B1-813A-4A86-88BF-FD1638DCBF35}.Debug|iPhone.ActiveCfg = Debug|Any CPU
		{9113B6B1-813A-4A86-88BF-FD1638DCBF35}.Debug|iPhone.Build.0 = Debug|Any CPU
		{9113B6B1-813A-4A86-88BF-FD1638DCBF35}.Debug|iPhone.Deploy.0 = Debug|Any CPU
		{9113B6B1-813A-4A86-88BF-FD1638DCBF35}.Debug|iPhoneSimulator.ActiveCfg = Debug|Any CPU
		{9113B6B1-813A-4A86-88BF-FD1638DCBF35}.Debug|iPhoneSimulator.Build.0 = Debug|Any CPU
		{9113B6B1-813A-4A86-88BF-FD1638DCBF35}.Debug|iPhoneSimulator.Deploy.0 = Debug|Any CPU
		{9113B6B1-813A-4A86-88BF-FD1638DCBF35}.Debug|x64.ActiveCfg = Debug|Any CPU
		{9113B6B1-813A-4A86-88BF-FD1638DCBF35}.Debug|x64.Build.0 = Debug|Any CPU
		{9113B6B1-813A-4A86-88BF-FD1638DCBF35}.Debug|x64.Deploy.0 = Debug|Any CPU
		{9113B6B1-813A-4A86-88BF-FD1638DCBF35}.Debug|x86.ActiveCfg = Debug|Any CPU
		{9113B6B1-813A-4A86-88BF-FD1638DCBF35}.Debug|x86.Build.0 = Debug|Any CPU
		{9113B6B1-813A-4A86-88BF-FD1638DCBF35}.Debug|x86.Deploy.0 = Debug|Any CPU
		{9113B6B1-813A-4A86-88BF-FD1638DCBF35}.Release|Any CPU.ActiveCfg = Release|Any CPU
		{9113B6B1-813A-4A86-88BF-FD1638DCBF35}.Release|Any CPU.Build.0 = Release|Any CPU
		{9113B6B1-813A-4A86-88BF-FD1638DCBF35}.Release|Any CPU.Deploy.0 = Release|Any CPU
		{9113B6B1-813A-4A86-88BF-FD1638DCBF35}.Release|ARM.ActiveCfg = Release|Any CPU
		{9113B6B1-813A-4A86-88BF-FD1638DCBF35}.Release|ARM.Build.0 = Release|Any CPU
		{9113B6B1-813A-4A86-88BF-FD1638DCBF35}.Release|ARM.Deploy.0 = Release|Any CPU
		{9113B6B1-813A-4A86-88BF-FD1638DCBF35}.Release|iPhone.ActiveCfg = Release|Any CPU
		{9113B6B1-813A-4A86-88BF-FD1638DCBF35}.Release|iPhone.Build.0 = Release|Any CPU
		{9113B6B1-813A-4A86-88BF-FD1638DCBF35}.Release|iPhone.Deploy.0 = Release|Any CPU
		{9113B6B1-813A-4A86-88BF-FD1638DCBF35}.Release|iPhoneSimulator.ActiveCfg = Release|Any CPU
		{9113B6B1-813A-4A86-88BF-FD1638DCBF35}.Release|iPhoneSimulator.Build.0 = Release|Any CPU
		{9113B6B1-813A-4A86-88BF-FD1638DCBF35}.Release|iPhoneSimulator.Deploy.0 = Release|Any CPU
		{9113B6B1-813A-4A86-88BF-FD1638DCBF35}.Release|x64.ActiveCfg = Release|Any CPU
		{9113B6B1-813A-4A86-88BF-FD1638DCBF35}.Release|x64.Build.0 = Release|Any CPU
		{9113B6B1-813A-4A86-88BF-FD1638DCBF35}.Release|x64.Deploy.0 = Release|Any CPU
		{9113B6B1-813A-4A86-88BF-FD1638DCBF35}.Release|x86.ActiveCfg = Release|Any CPU
		{9113B6B1-813A-4A86-88BF-FD1638DCBF35}.Release|x86.Build.0 = Release|Any CPU
		{9113B6B1-813A-4A86-88BF-FD1638DCBF35}.Release|x86.Deploy.0 = Release|Any CPU
		{E90EBF3B-64E0-49B2-9443-356968E6705B}.Debug|Any CPU.ActiveCfg = Debug|iPhoneSimulator
		{E90EBF3B-64E0-49B2-9443-356968E6705B}.Debug|Any CPU.Build.0 = Debug|iPhoneSimulator
		{E90EBF3B-64E0-49B2-9443-356968E6705B}.Debug|Any CPU.Deploy.0 = Debug|iPhoneSimulator
		{E90EBF3B-64E0-49B2-9443-356968E6705B}.Debug|ARM.ActiveCfg = Debug|iPhone
		{E90EBF3B-64E0-49B2-9443-356968E6705B}.Debug|ARM.Build.0 = Debug|iPhone
		{E90EBF3B-64E0-49B2-9443-356968E6705B}.Debug|ARM.Deploy.0 = Debug|iPhone
		{E90EBF3B-64E0-49B2-9443-356968E6705B}.Debug|iPhone.ActiveCfg = Debug|iPhone
		{E90EBF3B-64E0-49B2-9443-356968E6705B}.Debug|iPhone.Build.0 = Debug|iPhone
		{E90EBF3B-64E0-49B2-9443-356968E6705B}.Debug|iPhone.Deploy.0 = Debug|iPhone
		{E90EBF3B-64E0-49B2-9443-356968E6705B}.Debug|iPhoneSimulator.ActiveCfg = Debug|iPhoneSimulator
		{E90EBF3B-64E0-49B2-9443-356968E6705B}.Debug|iPhoneSimulator.Build.0 = Debug|iPhoneSimulator
		{E90EBF3B-64E0-49B2-9443-356968E6705B}.Debug|iPhoneSimulator.Deploy.0 = Debug|iPhoneSimulator
		{E90EBF3B-64E0-49B2-9443-356968E6705B}.Debug|x64.ActiveCfg = Debug|iPhoneSimulator
		{E90EBF3B-64E0-49B2-9443-356968E6705B}.Debug|x64.Build.0 = Debug|iPhoneSimulator
		{E90EBF3B-64E0-49B2-9443-356968E6705B}.Debug|x64.Deploy.0 = Debug|iPhoneSimulator
		{E90EBF3B-64E0-49B2-9443-356968E6705B}.Debug|x86.ActiveCfg = Debug|iPhoneSimulator
		{E90EBF3B-64E0-49B2-9443-356968E6705B}.Debug|x86.Build.0 = Debug|iPhoneSimulator
		{E90EBF3B-64E0-49B2-9443-356968E6705B}.Debug|x86.Deploy.0 = Debug|iPhoneSimulator
		{E90EBF3B-64E0-49B2-9443-356968E6705B}.Release|Any CPU.ActiveCfg = Release|iPhoneSimulator
		{E90EBF3B-64E0-49B2-9443-356968E6705B}.Release|Any CPU.Build.0 = Release|iPhoneSimulator
		{E90EBF3B-64E0-49B2-9443-356968E6705B}.Release|Any CPU.Deploy.0 = Release|iPhoneSimulator
		{E90EBF3B-64E0-49B2-9443-356968E6705B}.Release|ARM.ActiveCfg = Release|iPhoneSimulator
		{E90EBF3B-64E0-49B2-9443-356968E6705B}.Release|ARM.Build.0 = Release|iPhoneSimulator
		{E90EBF3B-64E0-49B2-9443-356968E6705B}.Release|ARM.Deploy.0 = Release|iPhoneSimulator
		{E90EBF3B-64E0-49B2-9443-356968E6705B}.Release|iPhone.ActiveCfg = Release|iPhone
		{E90EBF3B-64E0-49B2-9443-356968E6705B}.Release|iPhone.Build.0 = Release|iPhone
		{E90EBF3B-64E0-49B2-9443-356968E6705B}.Release|iPhone.Deploy.0 = Release|iPhone
		{E90EBF3B-64E0-49B2-9443-356968E6705B}.Release|iPhoneSimulator.ActiveCfg = Release|iPhoneSimulator
		{E90EBF3B-64E0-49B2-9443-356968E6705B}.Release|iPhoneSimulator.Build.0 = Release|iPhoneSimulator
		{E90EBF3B-64E0-49B2-9443-356968E6705B}.Release|iPhoneSimulator.Deploy.0 = Release|iPhoneSimulator
		{E90EBF3B-64E0-49B2-9443-356968E6705B}.Release|x64.ActiveCfg = Release|iPhoneSimulator
		{E90EBF3B-64E0-49B2-9443-356968E6705B}.Release|x64.Build.0 = Release|iPhoneSimulator
		{E90EBF3B-64E0-49B2-9443-356968E6705B}.Release|x64.Deploy.0 = Release|iPhoneSimulator
		{E90EBF3B-64E0-49B2-9443-356968E6705B}.Release|x86.ActiveCfg = Release|iPhoneSimulator
		{E90EBF3B-64E0-49B2-9443-356968E6705B}.Release|x86.Build.0 = Release|iPhoneSimulator
		{E90EBF3B-64E0-49B2-9443-356968E6705B}.Release|x86.Deploy.0 = Release|iPhoneSimulator
		{C3160774-94E1-427C-8B38-5C07C05364F7}.Debug|Any CPU.ActiveCfg = Debug|Any CPU
		{C3160774-94E1-427C-8B38-5C07C05364F7}.Debug|Any CPU.Build.0 = Debug|Any CPU
		{C3160774-94E1-427C-8B38-5C07C05364F7}.Debug|Any CPU.Deploy.0 = Debug|Any CPU
		{C3160774-94E1-427C-8B38-5C07C05364F7}.Debug|ARM.ActiveCfg = Debug|Any CPU
		{C3160774-94E1-427C-8B38-5C07C05364F7}.Debug|ARM.Build.0 = Debug|Any CPU
		{C3160774-94E1-427C-8B38-5C07C05364F7}.Debug|ARM.Deploy.0 = Debug|Any CPU
		{C3160774-94E1-427C-8B38-5C07C05364F7}.Debug|iPhone.ActiveCfg = Debug|Any CPU
		{C3160774-94E1-427C-8B38-5C07C05364F7}.Debug|iPhone.Build.0 = Debug|Any CPU
		{C3160774-94E1-427C-8B38-5C07C05364F7}.Debug|iPhone.Deploy.0 = Debug|Any CPU
		{C3160774-94E1-427C-8B38-5C07C05364F7}.Debug|iPhoneSimulator.ActiveCfg = Debug|Any CPU
		{C3160774-94E1-427C-8B38-5C07C05364F7}.Debug|iPhoneSimulator.Build.0 = Debug|Any CPU
		{C3160774-94E1-427C-8B38-5C07C05364F7}.Debug|iPhoneSimulator.Deploy.0 = Debug|Any CPU
		{C3160774-94E1-427C-8B38-5C07C05364F7}.Debug|x64.ActiveCfg = Debug|Any CPU
		{C3160774-94E1-427C-8B38-5C07C05364F7}.Debug|x64.Build.0 = Debug|Any CPU
		{C3160774-94E1-427C-8B38-5C07C05364F7}.Debug|x64.Deploy.0 = Debug|Any CPU
		{C3160774-94E1-427C-8B38-5C07C05364F7}.Debug|x86.ActiveCfg = Debug|Any CPU
		{C3160774-94E1-427C-8B38-5C07C05364F7}.Debug|x86.Build.0 = Debug|Any CPU
		{C3160774-94E1-427C-8B38-5C07C05364F7}.Debug|x86.Deploy.0 = Debug|Any CPU
		{C3160774-94E1-427C-8B38-5C07C05364F7}.Release|Any CPU.ActiveCfg = Release|Any CPU
		{C3160774-94E1-427C-8B38-5C07C05364F7}.Release|Any CPU.Build.0 = Release|Any CPU
		{C3160774-94E1-427C-8B38-5C07C05364F7}.Release|Any CPU.Deploy.0 = Release|Any CPU
		{C3160774-94E1-427C-8B38-5C07C05364F7}.Release|ARM.ActiveCfg = Release|Any CPU
		{C3160774-94E1-427C-8B38-5C07C05364F7}.Release|ARM.Build.0 = Release|Any CPU
		{C3160774-94E1-427C-8B38-5C07C05364F7}.Release|ARM.Deploy.0 = Release|Any CPU
		{C3160774-94E1-427C-8B38-5C07C05364F7}.Release|iPhone.ActiveCfg = Release|Any CPU
		{C3160774-94E1-427C-8B38-5C07C05364F7}.Release|iPhone.Build.0 = Release|Any CPU
		{C3160774-94E1-427C-8B38-5C07C05364F7}.Release|iPhone.Deploy.0 = Release|Any CPU
		{C3160774-94E1-427C-8B38-5C07C05364F7}.Release|iPhoneSimulator.ActiveCfg = Release|Any CPU
		{C3160774-94E1-427C-8B38-5C07C05364F7}.Release|iPhoneSimulator.Build.0 = Release|Any CPU
		{C3160774-94E1-427C-8B38-5C07C05364F7}.Release|iPhoneSimulator.Deploy.0 = Release|Any CPU
		{C3160774-94E1-427C-8B38-5C07C05364F7}.Release|x64.ActiveCfg = Release|Any CPU
		{C3160774-94E1-427C-8B38-5C07C05364F7}.Release|x64.Build.0 = Release|Any CPU
		{C3160774-94E1-427C-8B38-5C07C05364F7}.Release|x64.Deploy.0 = Release|Any CPU
		{C3160774-94E1-427C-8B38-5C07C05364F7}.Release|x86.ActiveCfg = Release|Any CPU
		{C3160774-94E1-427C-8B38-5C07C05364F7}.Release|x86.Build.0 = Release|Any CPU
		{C3160774-94E1-427C-8B38-5C07C05364F7}.Release|x86.Deploy.0 = Release|Any CPU
	EndGlobalSection
	GlobalSection(SolutionProperties) = preSolution
		HideSolutionNode = FALSE
	EndGlobalSection
	GlobalSection(ExtensibilityGlobals) = postSolution
		SolutionGuid = {70F71EBF-7D60-4D1E-B2BB-A9F4CFC65406}
	EndGlobalSection
EndGlobal
